
Microsoft Visual Studio Solution File, Format Version 12.00
# Visual Studio 15
VisualStudioVersion = 15.0.27703.2026
MinimumVisualStudioVersion = 10.0.40219.1
Project("{FAE04EC0-301F-11D3-BF4B-00C04F79EFBC}") = "name-sorter", "name-sorter\name-sorter.csproj", "{DC4F4516-EC24-4E65-939E-5641B8C36496}"
EndProject
Global
	GlobalSection(SolutionConfigurationPlatforms) = preSolution
		Debug|Any CPU = Debug|Any CPU
		Release|Any CPU = Release|Any CPU
	EndGlobalSection
	GlobalSection(ProjectConfigurationPlatforms) = postSolution
		{DC4F4516-EC24-4E65-939E-5641B8C36496}.Debug|Any CPU.ActiveCfg = Debug|Any CPU
		{DC4F4516-EC24-4E65-939E-5641B8C36496}.Debug|Any CPU.Build.0 = Debug|Any CPU
		{DC4F4516-EC24-4E65-939E-5641B8C36496}.Release|Any CPU.ActiveCfg = Release|Any CPU
		{DC4F4516-EC24-4E65-939E-5641B8C36496}.Release|Any CPU.Build.0 = Release|Any CPU
	EndGlobalSection
	GlobalSection(SolutionProperties) = preSolution
		HideSolutionNode = FALSE
	EndGlobalSection
	GlobalSection(ExtensibilityGlobals) = postSolution
		SolutionGuid = {5E1A2374-FA61-481E-892F-EB68181AAF92}
	EndGlobalSection
EndGlobal
